// !$*UTF8*$!
{
	archiveVersion = 1;
	classes = {
	};
	objectVersion = 46;
	objects = {

/* Begin PBXBuildFile section */
		4B310E9F1BB5410300125840 /* UnselectableTextView.xib in Resources */ = {isa = PBXBuildFile; fileRef = 4B310E9D1BB53F9700125840 /* UnselectableTextView.xib */; settings = {ASSET_TAGS = (); }; };
		4BB582461BB5383C00E4D6B2 /* main.m in Sources */ = {isa = PBXBuildFile; fileRef = 4BB582451BB5383C00E4D6B2 /* main.m */; };
		4BB5825F1BB5383D00E4D6B2 /* TextViewFirstCharacterTests.m in Sources */ = {isa = PBXBuildFile; fileRef = 4BB5825E1BB5383D00E4D6B2 /* TextViewFirstCharacterTests.m */; };
/* End PBXBuildFile section */

/* Begin PBXContainerItemProxy section */
		4BB5825B1BB5383C00E4D6B2 /* PBXContainerItemProxy */ = {
			isa = PBXContainerItemProxy;
			containerPortal = 4BB582391BB5383C00E4D6B2 /* Project object */;
			proxyType = 1;
			remoteGlobalIDString = 4BB582401BB5383C00E4D6B2;
			remoteInfo = TextViewFirstCharacter;
		};
/* End PBXContainerItemProxy section */

/* Begin PBXFileReference section */
		4B310E9D1BB53F9700125840 /* UnselectableTextView.xib */ = {isa = PBXFileReference; fileEncoding = 4; lastKnownFileType = file.xib; name = UnselectableTextView.xib; path = ../TextViewFirstCharacter/UnselectableTextView.xib; sourceTree = "<group>"; };
		4BB582411BB5383C00E4D6B2 /* TextViewFirstCharacter.app */ = {isa = PBXFileReference; explicitFileType = wrapper.application; includeInIndex = 0; path = TextViewFirstCharacter.app; sourceTree = BUILT_PRODUCTS_DIR; };
		4BB582451BB5383C00E4D6B2 /* main.m */ = {isa = PBXFileReference; lastKnownFileType = sourcecode.c.objc; path = main.m; sourceTree = "<group>"; };
		4BB582551BB5383C00E4D6B2 /* Info.plist */ = {isa = PBXFileReference; lastKnownFileType = text.plist.xml; path = Info.plist; sourceTree = "<group>"; };
		4BB5825A1BB5383C00E4D6B2 /* TextViewFirstCharacterTests.xctest */ = {isa = PBXFileReference; explicitFileType = wrapper.cfbundle; includeInIndex = 0; path = TextViewFirstCharacterTests.xctest; sourceTree = BUILT_PRODUCTS_DIR; };
		4BB5825E1BB5383D00E4D6B2 /* TextViewFirstCharacterTests.m */ = {isa = PBXFileReference; lastKnownFileType = sourcecode.c.objc; path = TextViewFirstCharacterTests.m; sourceTree = "<group>"; };
		4BB582601BB5383D00E4D6B2 /* Info.plist */ = {isa = PBXFileReference; lastKnownFileType = text.plist.xml; path = Info.plist; sourceTree = "<group>"; };
/* End PBXFileReference section */

/* Begin PBXFrameworksBuildPhase section */
		4BB5823E1BB5383C00E4D6B2 /* Frameworks */ = {
			isa = PBXFrameworksBuildPhase;
			buildActionMask = 2147483647;
			files = (
			);
			runOnlyForDeploymentPostprocessing = 0;
		};
		4BB582571BB5383C00E4D6B2 /* Frameworks */ = {
			isa = PBXFrameworksBuildPhase;
			buildActionMask = 2147483647;
			files = (
			);
			runOnlyForDeploymentPostprocessing = 0;
		};
/* End PBXFrameworksBuildPhase section */

/* Begin PBXGroup section */
		4BB582381BB5383C00E4D6B2 = {
			isa = PBXGroup;
			children = (
				4BB582431BB5383C00E4D6B2 /* TextViewFirstCharacter */,
				4BB5825D1BB5383C00E4D6B2 /* TextViewFirstCharacterTests */,
				4BB582421BB5383C00E4D6B2 /* Products */,
			);
			sourceTree = "<group>";
		};
		4BB582421BB5383C00E4D6B2 /* Products */ = {
			isa = PBXGroup;
			children = (
				4BB582411BB5383C00E4D6B2 /* TextViewFirstCharacter.app */,
				4BB5825A1BB5383C00E4D6B2 /* TextViewFirstCharacterTests.xctest */,
			);
			name = Products;
			sourceTree = "<group>";
		};
		4BB582431BB5383C00E4D6B2 /* TextViewFirstCharacter */ = {
			isa = PBXGroup;
			children = (
				4BB582551BB5383C00E4D6B2 /* Info.plist */,
				4BB582441BB5383C00E4D6B2 /* Supporting Files */,
			);
			path = TextViewFirstCharacter;
			sourceTree = "<group>";
		};
		4BB582441BB5383C00E4D6B2 /* Supporting Files */ = {
			isa = PBXGroup;
			children = (
				4BB582451BB5383C00E4D6B2 /* main.m */,
			);
			name = "Supporting Files";
			sourceTree = "<group>";
		};
		4BB5825D1BB5383C00E4D6B2 /* TextViewFirstCharacterTests */ = {
			isa = PBXGroup;
			children = (
				4B310E9D1BB53F9700125840 /* UnselectableTextView.xib */,
				4BB5825E1BB5383D00E4D6B2 /* TextViewFirstCharacterTests.m */,
				4BB582601BB5383D00E4D6B2 /* Info.plist */,
			);
			path = TextViewFirstCharacterTests;
			sourceTree = "<group>";
		};
/* End PBXGroup section */

/* Begin PBXNativeTarget section */
		4BB582401BB5383C00E4D6B2 /* TextViewFirstCharacter */ = {
			isa = PBXNativeTarget;
			buildConfigurationList = 4BB582631BB5383D00E4D6B2 /* Build configuration list for PBXNativeTarget "TextViewFirstCharacter" */;
			buildPhases = (
				4BB5823D1BB5383C00E4D6B2 /* Sources */,
				4BB5823E1BB5383C00E4D6B2 /* Frameworks */,
				4BB5823F1BB5383C00E4D6B2 /* Resources */,
			);
			buildRules = (
			);
			dependencies = (
			);
			name = TextViewFirstCharacter;
			productName = TextViewFirstCharacter;
			productReference = 4BB582411BB5383C00E4D6B2 /* TextViewFirstCharacter.app */;
			productType = "com.apple.product-type.application";
		};
		4BB582591BB5383C00E4D6B2 /* TextViewFirstCharacterTests */ = {
			isa = PBXNativeTarget;
			buildConfigurationList = 4BB582661BB5383D00E4D6B2 /* Build configuration list for PBXNativeTarget "TextViewFirstCharacterTests" */;
			buildPhases = (
				4BB582561BB5383C00E4D6B2 /* Sources */,
				4BB582571BB5383C00E4D6B2 /* Frameworks */,
				4BB582581BB5383C00E4D6B2 /* Resources */,
			);
			buildRules = (
			);
			dependencies = (
				4BB5825C1BB5383C00E4D6B2 /* PBXTargetDependency */,
			);
			name = TextViewFirstCharacterTests;
			productName = TextViewFirstCharacterTests;
			productReference = 4BB5825A1BB5383C00E4D6B2 /* TextViewFirstCharacterTests.xctest */;
			productType = "com.apple.product-type.bundle.unit-test";
		};
/* End PBXNativeTarget section */

/* Begin PBXProject section */
		4BB582391BB5383C00E4D6B2 /* Project object */ = {
			isa = PBXProject;
			attributes = {
				LastUpgradeCheck = 0700;
				ORGANIZATIONNAME = "Paul Zabelin";
				TargetAttributes = {
					4BB582401BB5383C00E4D6B2 = {
						CreatedOnToolsVersion = 7.0;
					};
					4BB582591BB5383C00E4D6B2 = {
						CreatedOnToolsVersion = 7.0;
						TestTargetID = 4BB582401BB5383C00E4D6B2;
					};
				};
			};
			buildConfigurationList = 4BB5823C1BB5383C00E4D6B2 /* Build configuration list for PBXProject "TextViewFirstCharacter" */;
			compatibilityVersion = "Xcode 3.2";
			developmentRegion = English;
			hasScannedForEncodings = 0;
			knownRegions = (
				en,
				Base,
			);
			mainGroup = 4BB582381BB5383C00E4D6B2;
			productRefGroup = 4BB582421BB5383C00E4D6B2 /* Products */;
			projectDirPath = "";
			projectRoot = "";
			targets = (
				4BB582401BB5383C00E4D6B2 /* TextViewFirstCharacter */,
				4BB582591BB5383C00E4D6B2 /* TextViewFirstCharacterTests */,
			);
		};
/* End PBXProject section */

/* Begin PBXResourcesBuildPhase section */
		4BB5823F1BB5383C00E4D6B2 /* Resources */ = {
			isa = PBXResourcesBuildPhase;
			buildActionMask = 2147483647;
			files = (
			);
			runOnlyForDeploymentPostprocessing = 0;
		};
		4BB582581BB5383C00E4D6B2 /* Resources */ = {
			isa = PBXResourcesBuildPhase;
			buildActionMask = 2147483647;
			files = (
				4B310E9F1BB5410300125840 /* UnselectableTextView.xib in Resources */,
			);
			runOnlyForDeploymentPostprocessing = 0;
		};
/* End PBXResourcesBuildPhase section */

/* Begin PBXSourcesBuildPhase section */
		4BB5823D1BB5383C00E4D6B2 /* Sources */ = {
			isa = PBXSourcesBuildPhase;
			buildActionMask = 2147483647;
			files = (
				4BB582461BB5383C00E4D6B2 /* main.m in Sources */,
			);
			runOnlyForDeploymentPostprocessing = 0;
		};
		4BB582561BB5383C00E4D6B2 /* Sources */ = {
			isa = PBXSourcesBuildPhase;
			buildActionMask = 2147483647;
			files = (
				4BB5825F1BB5383D00E4D6B2 /* TextViewFirstCharacterTests.m in Sources */,
			);
			runOnlyForDeploymentPostprocessing = 0;
		};
/* End PBXSourcesBuildPhase section */

/* Begin PBXTargetDependency section */
		4BB5825C1BB5383C00E4D6B2 /* PBXTargetDependency */ = {
			isa = PBXTargetDependency;
			target = 4BB582401BB5383C00E4D6B2 /* TextViewFirstCharacter */;
			targetProxy = 4BB5825B1BB5383C00E4D6B2 /* PBXContainerItemProxy */;
		};
/* End PBXTargetDependency section */

/* Begin XCBuildConfiguration section */
		4BB582611BB5383D00E4D6B2 /* Debug */ = {
			isa = XCBuildConfiguration;
			buildSettings = {
				ALWAYS_SEARCH_USER_PATHS = NO;
				CLANG_CXX_LANGUAGE_STANDARD = "gnu++0x";
				CLANG_CXX_LIBRARY = "libc++";
				CLANG_ENABLE_MODULES = YES;
				CLANG_ENABLE_OBJC_ARC = YES;
				CLANG_WARN_BOOL_CONVERSION = YES;
				CLANG_WARN_CONSTANT_CONVERSION = YES;
				CLANG_WARN_DIRECT_OBJC_ISA_USAGE = YES_ERROR;
				CLANG_WARN_EMPTY_BODY = YES;
				CLANG_WARN_ENUM_CONVERSION = YES;
				CLANG_WARN_INT_CONVERSION = YES;
				CLANG_WARN_OBJC_ROOT_CLASS = YES_ERROR;
				CLANG_WARN_UNREACHABLE_CODE = YES;
				CLANG_WARN__DUPLICATE_METHOD_MATCH = YES;
				"CODE_SIGN_IDENTITY[sdk=iphoneos*]" = "iPhone Developer";
				COPY_PHASE_STRIP = NO;
				DEBUG_INFORMATION_FORMAT = dwarf;
				ENABLE_STRICT_OBJC_MSGSEND = YES;
				ENABLE_TESTABILITY = YES;
				GCC_C_LANGUAGE_STANDARD = gnu99;
				GCC_DYNAMIC_NO_PIC = NO;
				GCC_NO_COMMON_BLOCKS = YES;
				GCC_OPTIMIZATION_LEVEL = 0;
				GCC_PREPROCESSOR_DEFINITIONS = (
					"DEBUG=1",
					"$(inherited)",
				);
				GCC_WARN_64_TO_32_BIT_CONVERSION = YES;
				GCC_WARN_ABOUT_RETURN_TYPE = YES_ERROR;
				GCC_WARN_UNDECLARED_SELECTOR = YES;
				GCC_WARN_UNINITIALIZED_AUTOS = YES_AGGRESSIVE;
				GCC_WARN_UNUSED_FUNCTION = YES;
				GCC_WARN_UNUSED_VARIABLE = YES;
				IPHONEOS_DEPLOYMENT_TARGET = 9.0;
				MTL_ENABLE_DEBUG_INFO = YES;
				ONLY_ACTIVE_ARCH = YES;
				SDKROOT = iphoneos;
			};
			name = Debug;
		};
		4BB582621BB5383D00E4D6B2 /* Release */ = {
			isa = XCBuildConfiguration;
			buildSettings = {
				ALWAYS_SEARCH_USER_PATHS = NO;
				CLANG_CXX_LANGUAGE_STANDARD = "gnu++0x";
				CLANG_CXX_LIBRARY = "libc++";
				CLANG_ENABLE_MODULES = YES;
				CLANG_ENABLE_OBJC_ARC = YES;
				CLANG_WARN_BOOL_CONVERSION = YES;
				CLANG_WARN_CONSTANT_CONVERSION = YES;
				CLANG_WARN_DIRECT_OBJC_ISA_USAGE = YES_ERROR;
				CLANG_WARN_EMPTY_BODY = YES;
				CLANG_WARN_ENUM_CONVERSION = YES;
				CLANG_WARN_INT_CONVERSION = YES;
				CLANG_WARN_OBJC_ROOT_CLASS = YES_ERROR;
				CLANG_WARN_UNREACHABLE_CODE = YES;
				CLANG_WARN__DUPLICATE_METHOD_MATCH = YES;
				"CODE_SIGN_IDENTITY[sdk=iphoneos*]" = "iPhone Developer";
				COPY_PHASE_STRIP = NO;
				DEBUG_INFORMATION_FORMAT = "dwarf-with-dsym";
				ENABLE_NS_ASSERTIONS = NO;
				ENABLE_STRICT_OBJC_MSGSEND = YES;
				GCC_C_LANGUAGE_STANDARD = gnu99;
				GCC_NO_COMMON_BLOCKS = YES;
				GCC_WARN_64_TO_32_BIT_CONVERSION = YES;
				GCC_WARN_ABOUT_RETURN_TYPE = YES_ERROR;
				GCC_WARN_UNDECLARED_SELECTOR = YES;
				GCC_WARN_UNINITIALIZED_AUTOS = YES_AGGRESSIVE;
				GCC_WARN_UNUSED_FUNCTION = YES;
				GCC_WARN_UNUSED_VARIABLE = YES;
				IPHONEOS_DEPLOYMENT_TARGET = 9.0;
				MTL_ENABLE_DEBUG_INFO = NO;
				SDKROOT = iphoneos;
				VALIDATE_PRODUCT = YES;
			};
			name = Release;
		};
		4BB582641BB5383D00E4D6B2 /* Debug */ = {
			isa = XCBuildConfiguration;
			buildSettings = {
				INFOPLIST_FILE = TextViewFirstCharacter/Info.plist;
				IPHONEOS_DEPLOYMENT_TARGET = 8.0;
				LD_RUNPATH_SEARCH_PATHS = "$(inherited) @executable_path/Frameworks";
				PRODUCT_BUNDLE_IDENTIFIER = TextViewFirstCharacter;
				PRODUCT_NAME = "$(TARGET_NAME)";
			};
			name = Debug;
		};
		4BB582651BB5383D00E4D6B2 /* Release */ = {
			isa = XCBuildConfiguration;
			buildSettings = {
				INFOPLIST_FILE = TextViewFirstCharacter/Info.plist;
				IPHONEOS_DEPLOYMENT_TARGET = 8.0;
				LD_RUNPATH_SEARCH_PATHS = "$(inherited) @executable_path/Frameworks";
				PRODUCT_BUNDLE_IDENTIFIER = TextViewFirstCharacter;
				PRODUCT_NAME = "$(TARGET_NAME)";
			};
			name = Release;
		};
		4BB582671BB5383D00E4D6B2 /* Debug */ = {
			isa = XCBuildConfiguration;
			buildSettings = {
				BUNDLE_LOADER = "$(TEST_HOST)";
				INFOPLIST_FILE = TextViewFirstCharacterTests/Info.plist;
				LD_RUNPATH_SEARCH_PATHS = "$(inherited) @executable_path/Frameworks @loader_path/Frameworks";
				PRODUCT_BUNDLE_IDENTIFIER = "Flowering-Dahlia.TextViewFirstCharacterTests";
				PRODUCT_NAME = "$(TARGET_NAME)";
				TEST_HOST = "$(BUILT_PRODUCTS_DIR)/TextViewFirstCharacter.app/TextViewFirstCharacter";
			};
			name = Debug;
		};
		4BB582681BB5383D00E4D6B2 /* Release */ = {
			isa = XCBuildConfiguration;
			buildSettings = {
				BUNDLE_LOADER = "$(TEST_HOST)";
				INFOPLIST_FILE = TextViewFirstCharacterTests/Info.plist;
				LD_RUNPATH_SEARCH_PATHS = "$(inherited) @executable_path/Frameworks @loader_path/Frameworks";
				PRODUCT_BUNDLE_IDENTIFIER = "Flowering-Dahlia.TextViewFirstCharacterTests";
				PRODUCT_NAME = "$(TARGET_NAME)";
				TEST_HOST = "$(BUILT_PRODUCTS_DIR)/TextViewFirstCharacter.app/TextViewFirstCharacter";
			};
			name = Release;
		};
/* End XCBuildConfiguration section */

/* Begin XCConfigurationList section */
		4BB5823C1BB5383C00E4D6B2 /* Build configuration list for PBXProject "TextViewFirstCharacter" */ = {
			isa = XCConfigurationList;
			buildConfigurations = (
				4BB582611BB5383D00E4D6B2 /* Debug */,
				4BB582621BB5383D00E4D6B2 /* Release */,
			);
			defaultConfigurationIsVisible = 0;
			defaultConfigurationName = Release;
		};
		4BB582631BB5383D00E4D6B2 /* Build configuration list for PBXNativeTarget "TextViewFirstCharacter" */ = {
			isa = XCConfigurationList;
			buildConfigurations = (
				4BB582641BB5383D00E4D6B2 /* Debug */,
				4BB582651BB5383D00E4D6B2 /* Release */,
			);
			defaultConfigurationIsVisible = 0;
			defaultConfigurationName = Release;
		};
		4BB582661BB5383D00E4D6B2 /* Build configuration list for PBXNativeTarget "TextViewFirstCharacterTests" */ = {
			isa = XCConfigurationList;
			buildConfigurations = (
				4BB582671BB5383D00E4D6B2 /* Debug */,
				4BB582681BB5383D00E4D6B2 /* Release */,
			);
			defaultConfigurationIsVisible = 0;
			defaultConfigurationName = Release;
		};
/* End XCConfigurationList section */
	};
	rootObject = 4BB582391BB5383C00E4D6B2 /* Project object */;
}
